
Microsoft Visual Studio Solution File, Format Version 12.00
# Visual Studio 15
VisualStudioVersion = 15.0.28307.902
MinimumVisualStudioVersion = 10.0.40219.1
Project("{2150E333-8FDC-42A3-9474-1A3956D46DE8}") = "Solution items", "Solution items", "{4974115E-6F11-45B4-A09B-8B272BD3D708}"
	ProjectSection(SolutionItems) = preProject
		.gitignore = .gitignore
		Readme.md = Readme.md
	EndProjectSection
EndProject
Project("{2150E333-8FDC-42A3-9474-1A3956D46DE8}") = "Docs", "Docs", "{DB5F14BB-309B-4FDD-9697-D3BFA76452D5}"
EndProject
Project("{2150E333-8FDC-42A3-9474-1A3956D46DE8}") = "Scripts", "Scripts", "{53926FBE-B526-4110-A7A3-C99E8556D4B9}"
EndProject
Project("{2150E333-8FDC-42A3-9474-1A3956D46DE8}") = "Src", "Src", "{0961C237-E948-4E35-8830-CF66445CED19}"
EndProject
Project("{2150E333-8FDC-42A3-9474-1A3956D46DE8}") = "Tests", "Tests", "{363A27AD-39CC-4753-B822-9841CA8515C7}"
EndProject
Project("{2150E333-8FDC-42A3-9474-1A3956D46DE8}") = "Units", "Units", "{C877C4F6-008E-43A7-BA85-4C53B1571A86}"
EndProject
Project("{2150E333-8FDC-42A3-9474-1A3956D46DE8}") = "Integration", "Integration", "{25A3EFD8-E02B-4FEE-AD5F-A8D14A57FE7E}"
EndProject
Project("{2150E333-8FDC-42A3-9474-1A3956D46DE8}") = "Functionals", "Functionals", "{3DCB597A-96BA-4011-B160-28D5F0DE7559}"
EndProject
Project("{9A19103F-16F7-4668-BE54-9A1E7A4F7556}") = "10Helmets.API.Core", "10Helmets.API.Core\10Helmets.API.Core.csproj", "{DDEE4EF6-31EF-4C9C-A28A-190C7FBDE9D1}"
EndProject
Project("{9A19103F-16F7-4668-BE54-9A1E7A4F7556}") = "10Helmets.API.Infrastructure", "10Helmets.API.Infrastructure\10Helmets.API.Infrastructure.csproj", "{E0A9A783-F6EE-472B-9C13-131179E4B5ED}"
EndProject
Project("{9A19103F-16F7-4668-BE54-9A1E7A4F7556}") = "10Helmets.API.Core.UnitTests", "10Helmets.API.Core.UnitTests\10Helmets.API.Core.UnitTests.csproj", "{0A2257D8-E212-4078-B754-97160D400C12}"
EndProject
Project("{9A19103F-16F7-4668-BE54-9A1E7A4F7556}") = "10Helmets.API.Infrastructure.UnitTests", "10Helmets.API.Infrastructure.UnitTests\10Helmets.API.Infrastructure.UnitTests.csproj", "{11A301A8-E57C-4B14-B9C3-1BB79D965CB2}"
EndProject
Project("{9A19103F-16F7-4668-BE54-9A1E7A4F7556}") = "10Helmets.API.WebApi", "10Helmets.API.WebApi\10Helmets.API.WebApi.csproj", "{377C6288-CFEA-4D5E-85FC-39DA0D1983B1}"
EndProject
Project("{9A19103F-16F7-4668-BE54-9A1E7A4F7556}") = "10Helmets.API.WebApi.UnitTests", "10Helmets.API.WebApi.UnitTests\10Helmets.API.WebApi.UnitTests.csproj", "{D357E242-78B8-4C3B-9C5B-40E246B8BEA5}"
EndProject
Global
	GlobalSection(SolutionConfigurationPlatforms) = preSolution
		Debug|Any CPU = Debug|Any CPU
		Release|Any CPU = Release|Any CPU
	EndGlobalSection
	GlobalSection(ProjectConfigurationPlatforms) = postSolution
		{DDEE4EF6-31EF-4C9C-A28A-190C7FBDE9D1}.Debug|Any CPU.ActiveCfg = Debug|Any CPU
		{DDEE4EF6-31EF-4C9C-A28A-190C7FBDE9D1}.Debug|Any CPU.Build.0 = Debug|Any CPU
		{DDEE4EF6-31EF-4C9C-A28A-190C7FBDE9D1}.Release|Any CPU.ActiveCfg = Release|Any CPU
		{DDEE4EF6-31EF-4C9C-A28A-190C7FBDE9D1}.Release|Any CPU.Build.0 = Release|Any CPU
		{E0A9A783-F6EE-472B-9C13-131179E4B5ED}.Debug|Any CPU.ActiveCfg = Debug|Any CPU
		{E0A9A783-F6EE-472B-9C13-131179E4B5ED}.Debug|Any CPU.Build.0 = Debug|Any CPU
		{E0A9A783-F6EE-472B-9C13-131179E4B5ED}.Release|Any CPU.ActiveCfg = Release|Any CPU
		{E0A9A783-F6EE-472B-9C13-131179E4B5ED}.Release|Any CPU.Build.0 = Release|Any CPU
		{0A2257D8-E212-4078-B754-97160D400C12}.Debug|Any CPU.ActiveCfg = Debug|Any CPU
		{0A2257D8-E212-4078-B754-97160D400C12}.Debug|Any CPU.Build.0 = Debug|Any CPU
		{0A2257D8-E212-4078-B754-97160D400C12}.Release|Any CPU.ActiveCfg = Release|Any CPU
		{0A2257D8-E212-4078-B754-97160D400C12}.Release|Any CPU.Build.0 = Release|Any CPU
		{11A301A8-E57C-4B14-B9C3-1BB79D965CB2}.Debug|Any CPU.ActiveCfg = Debug|Any CPU
		{11A301A8-E57C-4B14-B9C3-1BB79D965CB2}.Debug|Any CPU.Build.0 = Debug|Any CPU
		{11A301A8-E57C-4B14-B9C3-1BB79D965CB2}.Release|Any CPU.ActiveCfg = Release|Any CPU
		{11A301A8-E57C-4B14-B9C3-1BB79D965CB2}.Release|Any CPU.Build.0 = Release|Any CPU
		{377C6288-CFEA-4D5E-85FC-39DA0D1983B1}.Debug|Any CPU.ActiveCfg = Debug|Any CPU
		{377C6288-CFEA-4D5E-85FC-39DA0D1983B1}.Debug|Any CPU.Build.0 = Debug|Any CPU
		{377C6288-CFEA-4D5E-85FC-39DA0D1983B1}.Release|Any CPU.ActiveCfg = Release|Any CPU
		{377C6288-CFEA-4D5E-85FC-39DA0D1983B1}.Release|Any CPU.Build.0 = Release|Any CPU
		{D357E242-78B8-4C3B-9C5B-40E246B8BEA5}.Debug|Any CPU.ActiveCfg = Debug|Any CPU
		{D357E242-78B8-4C3B-9C5B-40E246B8BEA5}.Debug|Any CPU.Build.0 = Debug|Any CPU
		{D357E242-78B8-4C3B-9C5B-40E246B8BEA5}.Release|Any CPU.ActiveCfg = Release|Any CPU
		{D357E242-78B8-4C3B-9C5B-40E246B8BEA5}.Release|Any CPU.Build.0 = Release|Any CPU
	EndGlobalSection
	GlobalSection(SolutionProperties) = preSolution
		HideSolutionNode = FALSE
	EndGlobalSection
	GlobalSection(NestedProjects) = preSolution
		{DB5F14BB-309B-4FDD-9697-D3BFA76452D5} = {4974115E-6F11-45B4-A09B-8B272BD3D708}
		{53926FBE-B526-4110-A7A3-C99E8556D4B9} = {4974115E-6F11-45B4-A09B-8B272BD3D708}
		{C877C4F6-008E-43A7-BA85-4C53B1571A86} = {363A27AD-39CC-4753-B822-9841CA8515C7}
		{25A3EFD8-E02B-4FEE-AD5F-A8D14A57FE7E} = {363A27AD-39CC-4753-B822-9841CA8515C7}
		{3DCB597A-96BA-4011-B160-28D5F0DE7559} = {363A27AD-39CC-4753-B822-9841CA8515C7}
		{DDEE4EF6-31EF-4C9C-A28A-190C7FBDE9D1} = {0961C237-E948-4E35-8830-CF66445CED19}
		{E0A9A783-F6EE-472B-9C13-131179E4B5ED} = {0961C237-E948-4E35-8830-CF66445CED19}
		{0A2257D8-E212-4078-B754-97160D400C12} = {C877C4F6-008E-43A7-BA85-4C53B1571A86}
		{11A301A8-E57C-4B14-B9C3-1BB79D965CB2} = {C877C4F6-008E-43A7-BA85-4C53B1571A86}
		{377C6288-CFEA-4D5E-85FC-39DA0D1983B1} = {0961C237-E948-4E35-8830-CF66445CED19}
		{D357E242-78B8-4C3B-9C5B-40E246B8BEA5} = {C877C4F6-008E-43A7-BA85-4C53B1571A86}
	EndGlobalSection
	GlobalSection(ExtensibilityGlobals) = postSolution
		SolutionGuid = {3A1629DF-0F2E-4303-99A1-1751414FDC3B}
	EndGlobalSection
EndGlobal
