
Microsoft Visual Studio Solution File, Format Version 12.00
# Visual Studio 15
VisualStudioVersion = 15.0.28307.902
MinimumVisualStudioVersion = 10.0.40219.1
Project("{2150E333-8FDC-42A3-9474-1A3956D46DE8}") = "Solution items", "Solution items", "{4974115E-6F11-45B4-A09B-8B272BD3D708}"
	ProjectSection(SolutionItems) = preProject
		.gitignore = .gitignore
		Readme.md = Readme.md
	EndProjectSection
EndProject
Project("{2150E333-8FDC-42A3-9474-1A3956D46DE8}") = "Docs", "Docs", "{DB5F14BB-309B-4FDD-9697-D3BFA76452D5}"
EndProject
Project("{2150E333-8FDC-42A3-9474-1A3956D46DE8}") = "Scripts", "Scripts", "{53926FBE-B526-4110-A7A3-C99E8556D4B9}"
EndProject
Project("{2150E333-8FDC-42A3-9474-1A3956D46DE8}") = "Src", "Src", "{0961C237-E948-4E35-8830-CF66445CED19}"
EndProject
Project("{2150E333-8FDC-42A3-9474-1A3956D46DE8}") = "Tests", "Tests", "{363A27AD-39CC-4753-B822-9841CA8515C7}"
EndProject
Project("{2150E333-8FDC-42A3-9474-1A3956D46DE8}") = "Units", "Units", "{C877C4F6-008E-43A7-BA85-4C53B1571A86}"
EndProject
Project("{2150E333-8FDC-42A3-9474-1A3956D46DE8}") = "Integration", "Integration", "{25A3EFD8-E02B-4FEE-AD5F-A8D14A57FE7E}"
EndProject
Project("{2150E333-8FDC-42A3-9474-1A3956D46DE8}") = "Functionals", "Functionals", "{3DCB597A-96BA-4011-B160-28D5F0DE7559}"
EndProject
Project("{9A19103F-16F7-4668-BE54-9A1E7A4F7556}") = "TenHelmets.API.Core", "TenHelmets.API.Core\TenHelmets.API.Core.csproj", "{EFA016E3-700F-4B0D-AB52-E4669E23C0CE}"
EndProject
Project("{9A19103F-16F7-4668-BE54-9A1E7A4F7556}") = "TenHelmets.API.Infrastructure", "TenHelmets.API.Infrastructure\TenHelmets.API.Infrastructure.csproj", "{F95330B4-9E30-461D-BCF5-84E0D963D695}"
EndProject
Project("{9A19103F-16F7-4668-BE54-9A1E7A4F7556}") = "TenHelmets.API.WebApi", "TenHelmets.API.WebApi\TenHelmets.API.WebApi.csproj", "{458E0758-DC69-4CF4-8A54-3D86192AA275}"
EndProject
Project("{9A19103F-16F7-4668-BE54-9A1E7A4F7556}") = "TenHelmets.API.Core.UnitTests", "TenHelmets.API.Core.UnitTests\TenHelmets.API.Core.UnitTests.csproj", "{60210789-B22F-4B43-BD82-1DC9602CA605}"
EndProject
Project("{9A19103F-16F7-4668-BE54-9A1E7A4F7556}") = "TenHelmets.API.Infrastructure.UnitTests", "TenHelmets.API.Infrastructure.UnitTests\TenHelmets.API.Infrastructure.UnitTests.csproj", "{E708BF4C-1245-467D-ACCC-748F0FE2E73E}"
EndProject
Project("{9A19103F-16F7-4668-BE54-9A1E7A4F7556}") = "TenHelmets.API.WebApi.UnitTests", "TenHelmets.API.WebApi.UnitTests\TenHelmets.API.WebApi.UnitTests.csproj", "{3E2DD798-E848-4B2C-AE2F-FFC01F08E21B}"
EndProject
Global
	GlobalSection(SolutionConfigurationPlatforms) = preSolution
		Debug|Any CPU = Debug|Any CPU
		Release|Any CPU = Release|Any CPU
	EndGlobalSection
	GlobalSection(ProjectConfigurationPlatforms) = postSolution
		{EFA016E3-700F-4B0D-AB52-E4669E23C0CE}.Debug|Any CPU.ActiveCfg = Debug|Any CPU
		{EFA016E3-700F-4B0D-AB52-E4669E23C0CE}.Debug|Any CPU.Build.0 = Debug|Any CPU
		{EFA016E3-700F-4B0D-AB52-E4669E23C0CE}.Release|Any CPU.ActiveCfg = Release|Any CPU
		{EFA016E3-700F-4B0D-AB52-E4669E23C0CE}.Release|Any CPU.Build.0 = Release|Any CPU
		{F95330B4-9E30-461D-BCF5-84E0D963D695}.Debug|Any CPU.ActiveCfg = Debug|Any CPU
		{F95330B4-9E30-461D-BCF5-84E0D963D695}.Debug|Any CPU.Build.0 = Debug|Any CPU
		{F95330B4-9E30-461D-BCF5-84E0D963D695}.Release|Any CPU.ActiveCfg = Release|Any CPU
		{F95330B4-9E30-461D-BCF5-84E0D963D695}.Release|Any CPU.Build.0 = Release|Any CPU
		{458E0758-DC69-4CF4-8A54-3D86192AA275}.Debug|Any CPU.ActiveCfg = Debug|Any CPU
		{458E0758-DC69-4CF4-8A54-3D86192AA275}.Debug|Any CPU.Build.0 = Debug|Any CPU
		{458E0758-DC69-4CF4-8A54-3D86192AA275}.Release|Any CPU.ActiveCfg = Release|Any CPU
		{458E0758-DC69-4CF4-8A54-3D86192AA275}.Release|Any CPU.Build.0 = Release|Any CPU
		{60210789-B22F-4B43-BD82-1DC9602CA605}.Debug|Any CPU.ActiveCfg = Debug|Any CPU
		{60210789-B22F-4B43-BD82-1DC9602CA605}.Debug|Any CPU.Build.0 = Debug|Any CPU
		{60210789-B22F-4B43-BD82-1DC9602CA605}.Release|Any CPU.ActiveCfg = Release|Any CPU
		{60210789-B22F-4B43-BD82-1DC9602CA605}.Release|Any CPU.Build.0 = Release|Any CPU
		{E708BF4C-1245-467D-ACCC-748F0FE2E73E}.Debug|Any CPU.ActiveCfg = Debug|Any CPU
		{E708BF4C-1245-467D-ACCC-748F0FE2E73E}.Debug|Any CPU.Build.0 = Debug|Any CPU
		{E708BF4C-1245-467D-ACCC-748F0FE2E73E}.Release|Any CPU.ActiveCfg = Release|Any CPU
		{E708BF4C-1245-467D-ACCC-748F0FE2E73E}.Release|Any CPU.Build.0 = Release|Any CPU
		{3E2DD798-E848-4B2C-AE2F-FFC01F08E21B}.Debug|Any CPU.ActiveCfg = Debug|Any CPU
		{3E2DD798-E848-4B2C-AE2F-FFC01F08E21B}.Debug|Any CPU.Build.0 = Debug|Any CPU
		{3E2DD798-E848-4B2C-AE2F-FFC01F08E21B}.Release|Any CPU.ActiveCfg = Release|Any CPU
		{3E2DD798-E848-4B2C-AE2F-FFC01F08E21B}.Release|Any CPU.Build.0 = Release|Any CPU
	EndGlobalSection
	GlobalSection(SolutionProperties) = preSolution
		HideSolutionNode = FALSE
	EndGlobalSection
	GlobalSection(NestedProjects) = preSolution
		{DB5F14BB-309B-4FDD-9697-D3BFA76452D5} = {4974115E-6F11-45B4-A09B-8B272BD3D708}
		{53926FBE-B526-4110-A7A3-C99E8556D4B9} = {4974115E-6F11-45B4-A09B-8B272BD3D708}
		{C877C4F6-008E-43A7-BA85-4C53B1571A86} = {363A27AD-39CC-4753-B822-9841CA8515C7}
		{25A3EFD8-E02B-4FEE-AD5F-A8D14A57FE7E} = {363A27AD-39CC-4753-B822-9841CA8515C7}
		{3DCB597A-96BA-4011-B160-28D5F0DE7559} = {363A27AD-39CC-4753-B822-9841CA8515C7}
		{EFA016E3-700F-4B0D-AB52-E4669E23C0CE} = {0961C237-E948-4E35-8830-CF66445CED19}
		{F95330B4-9E30-461D-BCF5-84E0D963D695} = {0961C237-E948-4E35-8830-CF66445CED19}
		{458E0758-DC69-4CF4-8A54-3D86192AA275} = {0961C237-E948-4E35-8830-CF66445CED19}
		{60210789-B22F-4B43-BD82-1DC9602CA605} = {C877C4F6-008E-43A7-BA85-4C53B1571A86}
		{E708BF4C-1245-467D-ACCC-748F0FE2E73E} = {C877C4F6-008E-43A7-BA85-4C53B1571A86}
		{3E2DD798-E848-4B2C-AE2F-FFC01F08E21B} = {C877C4F6-008E-43A7-BA85-4C53B1571A86}
	EndGlobalSection
	GlobalSection(ExtensibilityGlobals) = postSolution
		SolutionGuid = {3A1629DF-0F2E-4303-99A1-1751414FDC3B}
	EndGlobalSection
EndGlobal
